
Microsoft Visual Studio Solution File, Format Version 12.00
# Visual Studio Version 17
VisualStudioVersion = 17.10.34928.147
MinimumVisualStudioVersion = 10.0.40219.1
Project("{FAE04EC0-301F-11D3-BF4B-00C04F79EFBC}") = "ToDoListService", "ToDoListService\ToDoListService.csproj", "{EB4D1E89-9FCD-4F9B-848F-4B82840C0D83}"
EndProject
Global
	GlobalSection(SolutionConfigurationPlatforms) = preSolution
		Debug|Any CPU = Debug|Any CPU
		Release|Any CPU = Release|Any CPU
	EndGlobalSection
	GlobalSection(ProjectConfigurationPlatforms) = postSolution
		{EB4D1E89-9FCD-4F9B-848F-4B82840C0D83}.Debug|Any CPU.ActiveCfg = Debug|Any CPU
		{EB4D1E89-9FCD-4F9B-848F-4B82840C0D83}.Debug|Any CPU.Build.0 = Debug|Any CPU
		{EB4D1E89-9FCD-4F9B-848F-4B82840C0D83}.Release|Any CPU.ActiveCfg = Release|Any CPU
		{EB4D1E89-9FCD-4F9B-848F-4B82840C0D83}.Release|Any CPU.Build.0 = Release|Any CPU
	EndGlobalSection
	GlobalSection(SolutionProperties) = preSolution
		HideSolutionNode = FALSE
	EndGlobalSection
	GlobalSection(ExtensibilityGlobals) = postSolution
		SolutionGuid = {7CC5E070-3D9D-4FD9-A2DA-73DC97D00DC2}
	EndGlobalSection
EndGlobal
